// !$*UTF8*$!
{
	archiveVersion = 1;
	classes = {
	};
	objectVersion = 77;
	objects = {

/* Begin PBXContainerItemProxy section */
		40B519E12DCAD3B50069B98D /* PBXContainerItemProxy */ = {
			isa = PBXContainerItemProxy;
			containerPortal = 40B519CB2DCAD3B30069B98D /* Project object */;
			proxyType = 1;
			remoteGlobalIDString = 40B519D22DCAD3B30069B98D;
			remoteInfo = Alldun;
		};
		40B519EB2DCAD3B50069B98D /* PBXContainerItemProxy */ = {
			isa = PBXContainerItemProxy;
			containerPortal = 40B519CB2DCAD3B30069B98D /* Project object */;
			proxyType = 1;
			remoteGlobalIDString = 40B519D22DCAD3B30069B98D;
			remoteInfo = Alldun;
		};
/* End PBXContainerItemProxy section */

/* Begin PBXFileReference section */
		40B519D32DCAD3B30069B98D /* Alldun.app */ = {isa = PBXFileReference; explicitFileType = wrapper.application; includeInIndex = 0; path = Alldun.app; sourceTree = BUILT_PRODUCTS_DIR; };
		40B519E02DCAD3B50069B98D /* AlldunTests.xctest */ = {isa = PBXFileReference; explicitFileType = wrapper.cfbundle; includeInIndex = 0; path = AlldunTests.xctest; sourceTree = BUILT_PRODUCTS_DIR; };
		40B519EA2DCAD3B50069B98D /* AlldunUITests.xctest */ = {isa = PBXFileReference; explicitFileType = wrapper.cfbundle; includeInIndex = 0; path = AlldunUITests.xctest; sourceTree = BUILT_PRODUCTS_DIR; };
/* End PBXFileReference section */

/* Begin PBXFileSystemSynchronizedBuildFileExceptionSet section */
		40DE77902DCEB11A0035EB0A /* Exceptions for "Alldun" folder in "Alldun" target */ = {
			isa = PBXFileSystemSynchronizedBuildFileExceptionSet;
			membershipExceptions = (
				Info.plist,
			);
			target = 40B519D22DCAD3B30069B98D /* Alldun */;
		};
/* End PBXFileSystemSynchronizedBuildFileExceptionSet section */

/* Begin PBXFileSystemSynchronizedRootGroup section */
		40B519D52DCAD3B30069B98D /* Alldun */ = {
			isa = PBXFileSystemSynchronizedRootGroup;
			exceptions = (
				40DE77902DCEB11A0035EB0A /* Exceptions for "Alldun" folder in "Alldun" target */,
			);
			path = Alldun;
			sourceTree = "<group>";
		};
		40B519E32DCAD3B50069B98D /* AlldunTests */ = {
			isa = PBXFileSystemSynchronizedRootGroup;
			path = AlldunTests;
			sourceTree = "<group>";
		};
		40B519ED2DCAD3B50069B98D /* AlldunUITests */ = {
			isa = PBXFileSystemSynchronizedRootGroup;
			path = AlldunUITests;
			sourceTree = "<group>";
		};
		40DBAE1A2DD6B577006EFB9C /* Backend Integration */ = {
			isa = PBXFileSystemSynchronizedRootGroup;
			path = "Backend Integration";
			sourceTree = "<group>";
		};
/* End PBXFileSystemSynchronizedRootGroup section */

/* Begin PBXFrameworksBuildPhase section */
		40B519D02DCAD3B30069B98D /* Frameworks */ = {
			isa = PBXFrameworksBuildPhase;
			buildActionMask = 2147483647;
			files = (
			);
			runOnlyForDeploymentPostprocessing = 0;
		};
		40B519DD2DCAD3B50069B98D /* Frameworks */ = {
			isa = PBXFrameworksBuildPhase;
			buildActionMask = 2147483647;
			files = (
			);
			runOnlyForDeploymentPostprocessing = 0;
		};
		40B519E72DCAD3B50069B98D /* Frameworks */ = {
			isa = PBXFrameworksBuildPhase;
			buildActionMask = 2147483647;
			files = (
			);
			runOnlyForDeploymentPostprocessing = 0;
		};
/* End PBXFrameworksBuildPhase section */

/* Begin PBXGroup section */
		40B519CA2DCAD3B30069B98D = {
			isa = PBXGroup;
			children = (
				40DBAE1A2DD6B577006EFB9C /* Backend Integration */,
				40B519D52DCAD3B30069B98D /* Alldun */,
				40B519E32DCAD3B50069B98D /* AlldunTests */,
				40B519ED2DCAD3B50069B98D /* AlldunUITests */,
				40B519D42DCAD3B30069B98D /* Products */,
			);
			sourceTree = "<group>";
		};
		40B519D42DCAD3B30069B98D /* Products */ = {
			isa = PBXGroup;
			children = (
				40B519D32DCAD3B30069B98D /* Alldun.app */,
				40B519E02DCAD3B50069B98D /* AlldunTests.xctest */,
				40B519EA2DCAD3B50069B98D /* AlldunUITests.xctest */,
			);
			name = Products;
			sourceTree = "<group>";
		};
/* End PBXGroup section */

/* Begin PBXNativeTarget section */
		40B519D22DCAD3B30069B98D /* Alldun */ = {
			isa = PBXNativeTarget;
			buildConfigurationList = 40B519F42DCAD3B50069B98D /* Build configuration list for PBXNativeTarget "Alldun" */;
			buildPhases = (
				40B519CF2DCAD3B30069B98D /* Sources */,
				40B519D02DCAD3B30069B98D /* Frameworks */,
				40B519D12DCAD3B30069B98D /* Resources */,
			);
			buildRules = (
			);
			dependencies = (
			);
			fileSystemSynchronizedGroups = (
				40B519D52DCAD3B30069B98D /* Alldun */,
				40DBAE1A2DD6B577006EFB9C /* Backend Integration */,
			);
			name = Alldun;
			packageProductDependencies = (
			);
			productName = Alldun;
			productReference = 40B519D32DCAD3B30069B98D /* Alldun.app */;
			productType = "com.apple.product-type.application";
		};
		40B519DF2DCAD3B50069B98D /* AlldunTests */ = {
			isa = PBXNativeTarget;
			buildConfigurationList = 40B519F72DCAD3B50069B98D /* Build configuration list for PBXNativeTarget "AlldunTests" */;
			buildPhases = (
				40B519DC2DCAD3B50069B98D /* Sources */,
				40B519DD2DCAD3B50069B98D /* Frameworks */,
				40B519DE2DCAD3B50069B98D /* Resources */,
			);
			buildRules = (
			);
			dependencies = (
				40B519E22DCAD3B50069B98D /* PBXTargetDependency */,
			);
			fileSystemSynchronizedGroups = (
				40B519E32DCAD3B50069B98D /* AlldunTests */,
			);
			name = AlldunTests;
			packageProductDependencies = (
			);
			productName = AlldunTests;
			productReference = 40B519E02DCAD3B50069B98D /* AlldunTests.xctest */;
			productType = "com.apple.product-type.bundle.unit-test";
		};
		40B519E92DCAD3B50069B98D /* AlldunUITests */ = {
			isa = PBXNativeTarget;
			buildConfigurationList = 40B519FA2DCAD3B50069B98D /* Build configuration list for PBXNativeTarget "AlldunUITests" */;
			buildPhases = (
				40B519E62DCAD3B50069B98D /* Sources */,
				40B519E72DCAD3B50069B98D /* Frameworks */,
				40B519E82DCAD3B50069B98D /* Resources */,
			);
			buildRules = (
			);
			dependencies = (
				40B519EC2DCAD3B50069B98D /* PBXTargetDependency */,
			);
			fileSystemSynchronizedGroups = (
				40B519ED2DCAD3B50069B98D /* AlldunUITests */,
			);
			name = AlldunUITests;
			packageProductDependencies = (
			);
			productName = AlldunUITests;
			productReference = 40B519EA2DCAD3B50069B98D /* AlldunUITests.xctest */;
			productType = "com.apple.product-type.bundle.ui-testing";
		};
/* End PBXNativeTarget section */

/* Begin PBXProject section */
		40B519CB2DCAD3B30069B98D /* Project object */ = {
			isa = PBXProject;
			attributes = {
				BuildIndependentTargetsInParallel = 1;
				LastSwiftUpdateCheck = 1630;
				LastUpgradeCheck = 1630;
				TargetAttributes = {
					40B519D22DCAD3B30069B98D = {
						CreatedOnToolsVersion = 16.3;
					};
					40B519DF2DCAD3B50069B98D = {
						CreatedOnToolsVersion = 16.3;
						TestTargetID = 40B519D22DCAD3B30069B98D;
					};
					40B519E92DCAD3B50069B98D = {
						CreatedOnToolsVersion = 16.3;
						TestTargetID = 40B519D22DCAD3B30069B98D;
					};
				};
			};
			buildConfigurationList = 40B519CE2DCAD3B30069B98D /* Build configuration list for PBXProject "Alldun" */;
			developmentRegion = en;
			hasScannedForEncodings = 0;
			knownRegions = (
				en,
				Base,
			);
			mainGroup = 40B519CA2DCAD3B30069B98D;
			minimizedProjectReferenceProxies = 1;
			preferredProjectObjectVersion = 77;
			productRefGroup = 40B519D42DCAD3B30069B98D /* Products */;
			projectDirPath = "";
			projectRoot = "";
			targets = (
				40B519D22DCAD3B30069B98D /* Alldun */,
				40B519DF2DCAD3B50069B98D /* AlldunTests */,
				40B519E92DCAD3B50069B98D /* AlldunUITests */,
			);
		};
/* End PBXProject section */

/* Begin PBXResourcesBuildPhase section */
		40B519D12DCAD3B30069B98D /* Resources */ = {
			isa = PBXResourcesBuildPhase;
			buildActionMask = 2147483647;
			files = (
			);
			runOnlyForDeploymentPostprocessing = 0;
		};
		40B519DE2DCAD3B50069B98D /* Resources */ = {
			isa = PBXResourcesBuildPhase;
			buildActionMask = 2147483647;
			files = (
			);
			runOnlyForDeploymentPostprocessing = 0;
		};
		40B519E82DCAD3B50069B98D /* Resources */ = {
			isa = PBXResourcesBuildPhase;
			buildActionMask = 2147483647;
			files = (
			);
			runOnlyForDeploymentPostprocessing = 0;
		};
/* End PBXResourcesBuildPhase section */

/* Begin PBXSourcesBuildPhase section */
		40B519CF2DCAD3B30069B98D /* Sources */ = {
			isa = PBXSourcesBuildPhase;
			buildActionMask = 2147483647;
			files = (
			);
			runOnlyForDeploymentPostprocessing = 0;
		};
		40B519DC2DCAD3B50069B98D /* Sources */ = {
			isa = PBXSourcesBuildPhase;
			buildActionMask = 2147483647;
			files = (
			);
			runOnlyForDeploymentPostprocessing = 0;
		};
		40B519E62DCAD3B50069B98D /* Sources */ = {
			isa = PBXSourcesBuildPhase;
			buildActionMask = 2147483647;
			files = (
			);
			runOnlyForDeploymentPostprocessing = 0;
		};
/* End PBXSourcesBuildPhase section */

/* Begin PBXTargetDependency section */
		40B519E22DCAD3B50069B98D /* PBXTargetDependency */ = {
			isa = PBXTargetDependency;
			target = 40B519D22DCAD3B30069B98D /* Alldun */;
			targetProxy = 40B519E12DCAD3B50069B98D /* PBXContainerItemProxy */;
		};
		40B519EC2DCAD3B50069B98D /* PBXTargetDependency */ = {
			isa = PBXTargetDependency;
			target = 40B519D22DCAD3B30069B98D /* Alldun */;
			targetProxy = 40B519EB2DCAD3B50069B98D /* PBXContainerItemProxy */;
		};
/* End PBXTargetDependency section */

/* Begin XCBuildConfiguration section */
		40B519F22DCAD3B50069B98D /* Debug */ = {
			isa = XCBuildConfiguration;
			buildSettings = {
				ALWAYS_SEARCH_USER_PATHS = NO;
				ASSETCATALOG_COMPILER_GENERATE_SWIFT_ASSET_SYMBOL_EXTENSIONS = YES;
				CLANG_ANALYZER_NONNULL = YES;
				CLANG_ANALYZER_NUMBER_OBJECT_CONVERSION = YES_AGGRESSIVE;
				CLANG_CXX_LANGUAGE_STANDARD = "gnu++20";
				CLANG_ENABLE_MODULES = YES;
				CLANG_ENABLE_OBJC_ARC = YES;
				CLANG_ENABLE_OBJC_WEAK = YES;
				CLANG_WARN_BLOCK_CAPTURE_AUTORELEASING = YES;
				CLANG_WARN_BOOL_CONVERSION = YES;
				CLANG_WARN_COMMA = YES;
				CLANG_WARN_CONSTANT_CONVERSION = YES;
				CLANG_WARN_DEPRECATED_OBJC_IMPLEMENTATIONS = YES;
				CLANG_WARN_DIRECT_OBJC_ISA_USAGE = YES_ERROR;
				CLANG_WARN_DOCUMENTATION_COMMENTS = YES;
				CLANG_WARN_EMPTY_BODY = YES;
				CLANG_WARN_ENUM_CONVERSION = YES;
				CLANG_WARN_INFINITE_RECURSION = YES;
				CLANG_WARN_INT_CONVERSION = YES;
				CLANG_WARN_NON_LITERAL_NULL_CONVERSION = YES;
				CLANG_WARN_OBJC_IMPLICIT_RETAIN_SELF = YES;
				CLANG_WARN_OBJC_LITERAL_CONVERSION = YES;
				CLANG_WARN_OBJC_ROOT_CLASS = YES_ERROR;
				CLANG_WARN_QUOTED_INCLUDE_IN_FRAMEWORK_HEADER = YES;
				CLANG_WARN_RANGE_LOOP_ANALYSIS = YES;
				CLANG_WARN_STRICT_PROTOTYPES = YES;
				CLANG_WARN_SUSPICIOUS_MOVE = YES;
				CLANG_WARN_UNGUARDED_AVAILABILITY = YES_AGGRESSIVE;
				CLANG_WARN_UNREACHABLE_CODE = YES;
				CLANG_WARN__DUPLICATE_METHOD_MATCH = YES;
				COPY_PHASE_STRIP = NO;
				DEBUG_INFORMATION_FORMAT = dwarf;
				ENABLE_STRICT_OBJC_MSGSEND = YES;
				ENABLE_TESTABILITY = YES;
				ENABLE_USER_SCRIPT_SANDBOXING = YES;
				GCC_C_LANGUAGE_STANDARD = gnu17;
				GCC_DYNAMIC_NO_PIC = NO;
				GCC_NO_COMMON_BLOCKS = YES;
				GCC_OPTIMIZATION_LEVEL = 0;
				GCC_PREPROCESSOR_DEFINITIONS = (
					"DEBUG=1",
					"$(inherited)",
				);
				GCC_WARN_64_TO_32_BIT_CONVERSION = YES;
				GCC_WARN_ABOUT_RETURN_TYPE = YES_ERROR;
				GCC_WARN_UNDECLARED_SELECTOR = YES;
				GCC_WARN_UNINITIALIZED_AUTOS = YES_AGGRESSIVE;
				GCC_WARN_UNUSED_FUNCTION = YES;
				GCC_WARN_UNUSED_VARIABLE = YES;
				IPHONEOS_DEPLOYMENT_TARGET = 18.4;
				LOCALIZATION_PREFERS_STRING_CATALOGS = YES;
				MTL_ENABLE_DEBUG_INFO = INCLUDE_SOURCE;
				MTL_FAST_MATH = YES;
				ONLY_ACTIVE_ARCH = YES;
				SDKROOT = iphoneos;
				SWIFT_ACTIVE_COMPILATION_CONDITIONS = "DEBUG $(inherited)";
				SWIFT_OPTIMIZATION_LEVEL = "-Onone";
			};
			name = Debug;
		};
		40B519F32DCAD3B50069B98D /* Release */ = {
			isa = XCBuildConfiguration;
			buildSettings = {
				ALWAYS_SEARCH_USER_PATHS = NO;
				ASSETCATALOG_COMPILER_GENERATE_SWIFT_ASSET_SYMBOL_EXTENSIONS = YES;
				CLANG_ANALYZER_NONNULL = YES;
				CLANG_ANALYZER_NUMBER_OBJECT_CONVERSION = YES_AGGRESSIVE;
				CLANG_CXX_LANGUAGE_STANDARD = "gnu++20";
				CLANG_ENABLE_MODULES = YES;
				CLANG_ENABLE_OBJC_ARC = YES;
				CLANG_ENABLE_OBJC_WEAK = YES;
				CLANG_WARN_BLOCK_CAPTURE_AUTORELEASING = YES;
				CLANG_WARN_BOOL_CONVERSION = YES;
				CLANG_WARN_COMMA = YES;
				CLANG_WARN_CONSTANT_CONVERSION = YES;
				CLANG_WARN_DEPRECATED_OBJC_IMPLEMENTATIONS = YES;
				CLANG_WARN_DIRECT_OBJC_ISA_USAGE = YES_ERROR;
				CLANG_WARN_DOCUMENTATION_COMMENTS = YES;
				CLANG_WARN_EMPTY_BODY = YES;
				CLANG_WARN_ENUM_CONVERSION = YES;
				CLANG_WARN_INFINITE_RECURSION = YES;
				CLANG_WARN_INT_CONVERSION = YES;
				CLANG_WARN_NON_LITERAL_NULL_CONVERSION = YES;
				CLANG_WARN_OBJC_IMPLICIT_RETAIN_SELF = YES;
				CLANG_WARN_OBJC_LITERAL_CONVERSION = YES;
				CLANG_WARN_OBJC_ROOT_CLASS = YES_ERROR;
				CLANG_WARN_QUOTED_INCLUDE_IN_FRAMEWORK_HEADER = YES;
				CLANG_WARN_RANGE_LOOP_ANALYSIS = YES;
				CLANG_WARN_STRICT_PROTOTYPES = YES;
				CLANG_WARN_SUSPICIOUS_MOVE = YES;
				CLANG_WARN_UNGUARDED_AVAILABILITY = YES_AGGRESSIVE;
				CLANG_WARN_UNREACHABLE_CODE = YES;
				CLANG_WARN__DUPLICATE_METHOD_MATCH = YES;
				COPY_PHASE_STRIP = NO;
				DEBUG_INFORMATION_FORMAT = "dwarf-with-dsym";
				ENABLE_NS_ASSERTIONS = NO;
				ENABLE_STRICT_OBJC_MSGSEND = YES;
				ENABLE_USER_SCRIPT_SANDBOXING = YES;
				GCC_C_LANGUAGE_STANDARD = gnu17;
				GCC_NO_COMMON_BLOCKS = YES;
				GCC_WARN_64_TO_32_BIT_CONVERSION = YES;
				GCC_WARN_ABOUT_RETURN_TYPE = YES_ERROR;
				GCC_WARN_UNDECLARED_SELECTOR = YES;
				GCC_WARN_UNINITIALIZED_AUTOS = YES_AGGRESSIVE;
				GCC_WARN_UNUSED_FUNCTION = YES;
				GCC_WARN_UNUSED_VARIABLE = YES;
				IPHONEOS_DEPLOYMENT_TARGET = 18.4;
				LOCALIZATION_PREFERS_STRING_CATALOGS = YES;
				MTL_ENABLE_DEBUG_INFO = NO;
				MTL_FAST_MATH = YES;
				SDKROOT = iphoneos;
				SWIFT_COMPILATION_MODE = wholemodule;
				VALIDATE_PRODUCT = YES;
			};
			name = Release;
		};
		40B519F52DCAD3B50069B98D /* Debug */ = {
			isa = XCBuildConfiguration;
			buildSettings = {
				ASSETCATALOG_COMPILER_APPICON_NAME = AppIcon;
				ASSETCATALOG_COMPILER_GLOBAL_ACCENT_COLOR_NAME = AccentColor;
				CODE_SIGN_STYLE = Automatic;
				CURRENT_PROJECT_VERSION = 1;
				DEVELOPMENT_TEAM = F4CRN4DB9M;
				ENABLE_PREVIEWS = YES;
				GENERATE_INFOPLIST_FILE = YES;
				INFOPLIST_FILE = Alldun/Info.plist;
				INFOPLIST_KEY_LSApplicationCategoryType = "";
				INFOPLIST_KEY_NSCalendarsUsageDescription = "Alldun needs access to your calendar to import events as tasks";
				INFOPLIST_KEY_NSCameraUsageDescription = "Need camera to take photos of task";
				INFOPLIST_KEY_UIApplicationSceneManifest_Generation = YES;
				INFOPLIST_KEY_UIApplicationSupportsIndirectInputEvents = YES;
				INFOPLIST_KEY_UILaunchScreen_Generation = YES;
				INFOPLIST_KEY_UISupportedInterfaceOrientations_iPad = "UIInterfaceOrientationPortrait UIInterfaceOrientationPortraitUpsideDown UIInterfaceOrientationLandscapeLeft UIInterfaceOrientationLandscapeRight";
				INFOPLIST_KEY_UISupportedInterfaceOrientations_iPhone = "UIInterfaceOrientationPortrait UIInterfaceOrientationLandscapeLeft UIInterfaceOrientationLandscapeRight";
				LD_RUNPATH_SEARCH_PATHS = (
					"$(inherited)",
					"@executable_path/Frameworks",
				);
				MARKETING_VERSION = 1.0;
				PRODUCT_BUNDLE_IDENTIFIER = com.jakob.Alldun;
				PRODUCT_NAME = "$(TARGET_NAME)";
				SWIFT_EMIT_LOC_STRINGS = YES;
				SWIFT_VERSION = 5.0;
				TARGETED_DEVICE_FAMILY = "1,2";
			};
			name = Debug;
		};
		40B519F62DCAD3B50069B98D /* Release */ = {
			isa = XCBuildConfiguration;
			buildSettings = {
				ASSETCATALOG_COMPILER_APPICON_NAME = AppIcon;
				ASSETCATALOG_COMPILER_GLOBAL_ACCENT_COLOR_NAME = AccentColor;
				CODE_SIGN_STYLE = Automatic;
				CURRENT_PROJECT_VERSION = 1;
				DEVELOPMENT_TEAM = F4CRN4DB9M;
				ENABLE_PREVIEWS = YES;
				GENERATE_INFOPLIST_FILE = YES;
				INFOPLIST_FILE = Alldun/Info.plist;
				INFOPLIST_KEY_LSApplicationCategoryType = "";
				INFOPLIST_KEY_NSCalendarsUsageDescription = "Alldun needs access to your calendar to import events as tasks";
				INFOPLIST_KEY_NSCameraUsageDescription = "Need camera to take photos of task";
				INFOPLIST_KEY_UIApplicationSceneManifest_Generation = YES;
				INFOPLIST_KEY_UIApplicationSupportsIndirectInputEvents = YES;
				INFOPLIST_KEY_UILaunchScreen_Generation = YES;
				INFOPLIST_KEY_UISupportedInterfaceOrientations_iPad = "UIInterfaceOrientationPortrait UIInterfaceOrientationPortraitUpsideDown UIInterfaceOrientationLandscapeLeft UIInterfaceOrientationLandscapeRight";
				INFOPLIST_KEY_UISupportedInterfaceOrientations_iPhone = "UIInterfaceOrientationPortrait UIInterfaceOrientationLandscapeLeft UIInterfaceOrientationLandscapeRight";
				LD_RUNPATH_SEARCH_PATHS = (
					"$(inherited)",
					"@executable_path/Frameworks",
				);
				MARKETING_VERSION = 1.0;
				PRODUCT_BUNDLE_IDENTIFIER = com.jakob.Alldun;
				PRODUCT_NAME = "$(TARGET_NAME)";
				SWIFT_EMIT_LOC_STRINGS = YES;
				SWIFT_VERSION = 5.0;
				TARGETED_DEVICE_FAMILY = "1,2";
			};
			name = Release;
		};
		40B519F82DCAD3B50069B98D /* Debug */ = {
			isa = XCBuildConfiguration;
			buildSettings = {
				BUNDLE_LOADER = "$(TEST_HOST)";
				CODE_SIGN_STYLE = Automatic;
				CURRENT_PROJECT_VERSION = 1;
				GENERATE_INFOPLIST_FILE = YES;
				IPHONEOS_DEPLOYMENT_TARGET = 18.4;
				MARKETING_VERSION = 1.0;
				PRODUCT_BUNDLE_IDENTIFIER = com.jakob.AlldunTests;
				PRODUCT_NAME = "$(TARGET_NAME)";
				SWIFT_EMIT_LOC_STRINGS = NO;
				SWIFT_VERSION = 5.0;
				TARGETED_DEVICE_FAMILY = "1,2";
				TEST_HOST = "$(BUILT_PRODUCTS_DIR)/Alldun.app/$(BUNDLE_EXECUTABLE_FOLDER_PATH)/Alldun";
			};
			name = Debug;
		};
		40B519F92DCAD3B50069B98D /* Release */ = {
			isa = XCBuildConfiguration;
			buildSettings = {
				BUNDLE_LOADER = "$(TEST_HOST)";
				CODE_SIGN_STYLE = Automatic;
				CURRENT_PROJECT_VERSION = 1;
				GENERATE_INFOPLIST_FILE = YES;
				IPHONEOS_DEPLOYMENT_TARGET = 18.4;
				MARKETING_VERSION = 1.0;
				PRODUCT_BUNDLE_IDENTIFIER = com.jakob.AlldunTests;
				PRODUCT_NAME = "$(TARGET_NAME)";
				SWIFT_EMIT_LOC_STRINGS = NO;
				SWIFT_VERSION = 5.0;
				TARGETED_DEVICE_FAMILY = "1,2";
				TEST_HOST = "$(BUILT_PRODUCTS_DIR)/Alldun.app/$(BUNDLE_EXECUTABLE_FOLDER_PATH)/Alldun";
			};
			name = Release;
		};
		40B519FB2DCAD3B50069B98D /* Debug */ = {
			isa = XCBuildConfiguration;
			buildSettings = {
				CODE_SIGN_STYLE = Automatic;
				CURRENT_PROJECT_VERSION = 1;
				GENERATE_INFOPLIST_FILE = YES;
				MARKETING_VERSION = 1.0;
				PRODUCT_BUNDLE_IDENTIFIER = com.jakob.AlldunUITests;
				PRODUCT_NAME = "$(TARGET_NAME)";
				SWIFT_EMIT_LOC_STRINGS = NO;
				SWIFT_VERSION = 5.0;
				TARGETED_DEVICE_FAMILY = "1,2";
				TEST_TARGET_NAME = Alldun;
			};
			name = Debug;
		};
		40B519FC2DCAD3B50069B98D /* Release */ = {
			isa = XCBuildConfiguration;
			buildSettings = {
				CODE_SIGN_STYLE = Automatic;
				CURRENT_PROJECT_VERSION = 1;
				GENERATE_INFOPLIST_FILE = YES;
				MARKETING_VERSION = 1.0;
				PRODUCT_BUNDLE_IDENTIFIER = com.jakob.AlldunUITests;
				PRODUCT_NAME = "$(TARGET_NAME)";
				SWIFT_EMIT_LOC_STRINGS = NO;
				SWIFT_VERSION = 5.0;
				TARGETED_DEVICE_FAMILY = "1,2";
				TEST_TARGET_NAME = Alldun;
			};
			name = Release;
		};
/* End XCBuildConfiguration section */

/* Begin XCConfigurationList section */
		40B519CE2DCAD3B30069B98D /* Build configuration list for PBXProject "Alldun" */ = {
			isa = XCConfigurationList;
			buildConfigurations = (
				40B519F22DCAD3B50069B98D /* Debug */,
				40B519F32DCAD3B50069B98D /* Release */,
			);
			defaultConfigurationIsVisible = 0;
			defaultConfigurationName = Release;
		};
		40B519F42DCAD3B50069B98D /* Build configuration list for PBXNativeTarget "Alldun" */ = {
			isa = XCConfigurationList;
			buildConfigurations = (
				40B519F52DCAD3B50069B98D /* Debug */,
				40B519F62DCAD3B50069B98D /* Release */,
			);
			defaultConfigurationIsVisible = 0;
			defaultConfigurationName = Release;
		};
		40B519F72DCAD3B50069B98D /* Build configuration list for PBXNativeTarget "AlldunTests" */ = {
			isa = XCConfigurationList;
			buildConfigurations = (
				40B519F82DCAD3B50069B98D /* Debug */,
				40B519F92DCAD3B50069B98D /* Release */,
			);
			defaultConfigurationIsVisible = 0;
			defaultConfigurationName = Release;
		};
		40B519FA2DCAD3B50069B98D /* Build configuration list for PBXNativeTarget "AlldunUITests" */ = {
			isa = XCConfigurationList;
			buildConfigurations = (
				40B519FB2DCAD3B50069B98D /* Debug */,
				40B519FC2DCAD3B50069B98D /* Release */,
			);
			defaultConfigurationIsVisible = 0;
			defaultConfigurationName = Release;
		};
/* End XCConfigurationList section */
	};
	rootObject = 40B519CB2DCAD3B30069B98D /* Project object */;
}
